
Microsoft Visual Studio Solution File, Format Version 12.00
# Visual Studio 15
Project("{FAE04EC0-301F-11D3-BF4B-00C04F79EFBC}") = "FACP.PasswordStrength.Service", "..\src\FACP.PasswordStrength.Service\FACP.PasswordStrength.Service.csproj", "{7647DC71-4DE5-4FCD-B858-26EC14BA7BD3}"
EndProject
Project("{FAE04EC0-301F-11D3-BF4B-00C04F79EFBC}") = "FACP.PasswordStrength.UIConsole", "..\src\FACP.PasswordStrength.UIConsole\FACP.PasswordStrength.UIConsole.csproj", "{95E7E793-9966-42C9-B342-56D4B2AC39F1}"
EndProject
Project("{FAE04EC0-301F-11D3-BF4B-00C04F79EFBC}") = "FACP.PasswordStrength.Tests", "..\tests\FACP.PasswordStrength.Tests\FACP.PasswordStrength.Tests.csproj", "{C4E40B8B-F183-4ED6-A336-4A42977B4EA7}"
EndProject
Global
	GlobalSection(SolutionConfigurationPlatforms) = preSolution
		Debug|Any CPU = Debug|Any CPU
		Release|Any CPU = Release|Any CPU
	EndGlobalSection
	GlobalSection(ProjectConfigurationPlatforms) = postSolution
		{7647DC71-4DE5-4FCD-B858-26EC14BA7BD3}.Debug|Any CPU.ActiveCfg = Debug|Any CPU
		{7647DC71-4DE5-4FCD-B858-26EC14BA7BD3}.Debug|Any CPU.Build.0 = Debug|Any CPU
		{7647DC71-4DE5-4FCD-B858-26EC14BA7BD3}.Release|Any CPU.ActiveCfg = Release|Any CPU
		{7647DC71-4DE5-4FCD-B858-26EC14BA7BD3}.Release|Any CPU.Build.0 = Release|Any CPU
		{95E7E793-9966-42C9-B342-56D4B2AC39F1}.Debug|Any CPU.ActiveCfg = Debug|Any CPU
		{95E7E793-9966-42C9-B342-56D4B2AC39F1}.Debug|Any CPU.Build.0 = Debug|Any CPU
		{95E7E793-9966-42C9-B342-56D4B2AC39F1}.Release|Any CPU.ActiveCfg = Release|Any CPU
		{95E7E793-9966-42C9-B342-56D4B2AC39F1}.Release|Any CPU.Build.0 = Release|Any CPU
		{C4E40B8B-F183-4ED6-A336-4A42977B4EA7}.Debug|Any CPU.ActiveCfg = Debug|Any CPU
		{C4E40B8B-F183-4ED6-A336-4A42977B4EA7}.Debug|Any CPU.Build.0 = Debug|Any CPU
		{C4E40B8B-F183-4ED6-A336-4A42977B4EA7}.Release|Any CPU.ActiveCfg = Release|Any CPU
		{C4E40B8B-F183-4ED6-A336-4A42977B4EA7}.Release|Any CPU.Build.0 = Release|Any CPU
	EndGlobalSection
EndGlobal
